
Microsoft Visual Studio Solution File, Format Version 12.00
# Visual Studio 15
Project("{FAE04EC0-301F-11D3-BF4B-00C04F79EFBC}") = "Assembly-CSharp", "Assembly-CSharp.csproj", "{33E08A5C-87FF-7466-7309-E79737B8FF3E}"
EndProject
Project("{FAE04EC0-301F-11D3-BF4B-00C04F79EFBC}") = "CFXRDemo", "CFXRDemo.csproj", "{BF140B22-87E3-D4F7-E65C-9FFA7CD13C6D}"
EndProject
Project("{FAE04EC0-301F-11D3-BF4B-00C04F79EFBC}") = "CFXRRuntime", "CFXRRuntime.csproj", "{3D8F698F-3068-AA16-380B-96380F98B84C}"
EndProject
Project("{FAE04EC0-301F-11D3-BF4B-00C04F79EFBC}") = "KinoBloom.Runtime", "KinoBloom.Runtime.csproj", "{7BCE69C4-FF70-195E-5136-265CCD74D829}"
EndProject
Project("{FAE04EC0-301F-11D3-BF4B-00C04F79EFBC}") = "CFXREditor", "CFXREditor.csproj", "{3E6E42BA-E041-91FD-8539-0B81F4B1B54F}"
EndProject
Project("{FAE04EC0-301F-11D3-BF4B-00C04F79EFBC}") = "ToonyColorsPro.Demo.Editor", "ToonyColorsPro.Demo.Editor.csproj", "{A5F4265F-F24E-D516-57E7-4913CF8E3F9B}"
EndProject
Global
	GlobalSection(SolutionConfigurationPlatforms) = preSolution
		Debug|Any CPU = Debug|Any CPU
		Release|Any CPU = Release|Any CPU
	EndGlobalSection
	GlobalSection(ProjectConfigurationPlatforms) = postSolution
		{33E08A5C-87FF-7466-7309-E79737B8FF3E}.Debug|Any CPU.ActiveCfg = Debug|Any CPU
		{33E08A5C-87FF-7466-7309-E79737B8FF3E}.Debug|Any CPU.Build.0 = Debug|Any CPU
		{33E08A5C-87FF-7466-7309-E79737B8FF3E}.Release|Any CPU.ActiveCfg = Release|Any CPU
		{33E08A5C-87FF-7466-7309-E79737B8FF3E}.Release|Any CPU.Build.0 = Release|Any CPU
		{BF140B22-87E3-D4F7-E65C-9FFA7CD13C6D}.Debug|Any CPU.ActiveCfg = Debug|Any CPU
		{BF140B22-87E3-D4F7-E65C-9FFA7CD13C6D}.Debug|Any CPU.Build.0 = Debug|Any CPU
		{BF140B22-87E3-D4F7-E65C-9FFA7CD13C6D}.Release|Any CPU.ActiveCfg = Release|Any CPU
		{BF140B22-87E3-D4F7-E65C-9FFA7CD13C6D}.Release|Any CPU.Build.0 = Release|Any CPU
		{3D8F698F-3068-AA16-380B-96380F98B84C}.Debug|Any CPU.ActiveCfg = Debug|Any CPU
		{3D8F698F-3068-AA16-380B-96380F98B84C}.Debug|Any CPU.Build.0 = Debug|Any CPU
		{3D8F698F-3068-AA16-380B-96380F98B84C}.Release|Any CPU.ActiveCfg = Release|Any CPU
		{3D8F698F-3068-AA16-380B-96380F98B84C}.Release|Any CPU.Build.0 = Release|Any CPU
		{7BCE69C4-FF70-195E-5136-265CCD74D829}.Debug|Any CPU.ActiveCfg = Debug|Any CPU
		{7BCE69C4-FF70-195E-5136-265CCD74D829}.Debug|Any CPU.Build.0 = Debug|Any CPU
		{7BCE69C4-FF70-195E-5136-265CCD74D829}.Release|Any CPU.ActiveCfg = Release|Any CPU
		{7BCE69C4-FF70-195E-5136-265CCD74D829}.Release|Any CPU.Build.0 = Release|Any CPU
		{3E6E42BA-E041-91FD-8539-0B81F4B1B54F}.Debug|Any CPU.ActiveCfg = Debug|Any CPU
		{3E6E42BA-E041-91FD-8539-0B81F4B1B54F}.Debug|Any CPU.Build.0 = Debug|Any CPU
		{3E6E42BA-E041-91FD-8539-0B81F4B1B54F}.Release|Any CPU.ActiveCfg = Release|Any CPU
		{3E6E42BA-E041-91FD-8539-0B81F4B1B54F}.Release|Any CPU.Build.0 = Release|Any CPU
		{A5F4265F-F24E-D516-57E7-4913CF8E3F9B}.Debug|Any CPU.ActiveCfg = Debug|Any CPU
		{A5F4265F-F24E-D516-57E7-4913CF8E3F9B}.Debug|Any CPU.Build.0 = Debug|Any CPU
		{A5F4265F-F24E-D516-57E7-4913CF8E3F9B}.Release|Any CPU.ActiveCfg = Release|Any CPU
		{A5F4265F-F24E-D516-57E7-4913CF8E3F9B}.Release|Any CPU.Build.0 = Release|Any CPU
	EndGlobalSection
	GlobalSection(SolutionProperties) = preSolution
		HideSolutionNode = FALSE
	EndGlobalSection
EndGlobal
